{
  "name": "airtrace",
  "lockfileVersion": 3,
  "requires": true,
  "packages": {
    "": {
      "dependencies": {
        "leaflet-velocity": "^2.1.4"
      }
    },
    "node_modules/leaflet-velocity": {
      "version": "2.1.4",
      "resolved": "https://registry.npmjs.org/leaflet-velocity/-/leaflet-velocity-2.1.4.tgz",
      "integrity": "sha512-uTmSb2/Kn28S0itlmJBMy2ZRKsisWUr2wm9rtkKXjpq9Sai7tqKdTRHKfLgTOgEdWFf5Ctt2bQoB7kb50qC7eg==",
      "license": "See LICENSE in LICENSE.md"
    }
  }
}
